// !$*UTF8*$!
{
	archiveVersion = 1;
	classes = {
	};
	objectVersion = 56;
	objects = {

/* Begin PBXBuildFile section */
		028B78BAEE3E903948B60D22 /* Pods_FoodFusion.framework in Frameworks */ = {isa = PBXBuildFile; fileRef = BAE8810E8E71A3D663FD16AE /* Pods_FoodFusion.framework */; };
		FE858FF52AF613250033C00E /* HomeViewController.swift in Sources */ = {isa = PBXBuildFile; fileRef = FE858FF42AF613250033C00E /* HomeViewController.swift */; };
		FE858FFB2AF618A80033C00E /* CategoryCollectionViewCell.swift in Sources */ = {isa = PBXBuildFile; fileRef = FE858FF92AF618A80033C00E /* CategoryCollectionViewCell.swift */; };
		FE858FFC2AF618A80033C00E /* CategoryCollectionViewCell.xib in Resources */ = {isa = PBXBuildFile; fileRef = FE858FFA2AF618A80033C00E /* CategoryCollectionViewCell.xib */; };
		FE858FFE2AF620D20033C00E /* DishCategory.swift in Sources */ = {isa = PBXBuildFile; fileRef = FE858FFD2AF620D20033C00E /* DishCategory.swift */; };
		FE8590002AF623470033C00E /* String+Extension.swift in Sources */ = {isa = PBXBuildFile; fileRef = FE858FFF2AF623470033C00E /* String+Extension.swift */; };
		FE8590032AF6380C0033C00E /* CardView.swift in Sources */ = {isa = PBXBuildFile; fileRef = FE8590022AF6380C0033C00E /* CardView.swift */; };
		FE8590072AF648520033C00E /* DishPortraitCollectionViewCell.swift in Sources */ = {isa = PBXBuildFile; fileRef = FE8590052AF648520033C00E /* DishPortraitCollectionViewCell.swift */; };
		FE8590082AF648520033C00E /* DishPortraitCollectionViewCell.xib in Resources */ = {isa = PBXBuildFile; fileRef = FE8590062AF648520033C00E /* DishPortraitCollectionViewCell.xib */; };
		FE85900A2AF64ADF0033C00E /* Dish.swift in Sources */ = {isa = PBXBuildFile; fileRef = FE8590092AF64ADF0033C00E /* Dish.swift */; };
		FE85900E2AF6A23F0033C00E /* DishLandscapeCollectionViewCell.swift in Sources */ = {isa = PBXBuildFile; fileRef = FE85900C2AF6A23F0033C00E /* DishLandscapeCollectionViewCell.swift */; };
		FE85900F2AF6A23F0033C00E /* DishLandscapeCollectionViewCell.xib in Resources */ = {isa = PBXBuildFile; fileRef = FE85900D2AF6A23F0033C00E /* DishLandscapeCollectionViewCell.xib */; };
		FE8590122AF6CCB00033C00E /* DishDetailViewController.swift in Sources */ = {isa = PBXBuildFile; fileRef = FE8590112AF6CCB00033C00E /* DishDetailViewController.swift */; };
		FE8590142AF6CFC90033C00E /* UIViewController+Extension.swift in Sources */ = {isa = PBXBuildFile; fileRef = FE8590132AF6CFC90033C00E /* UIViewController+Extension.swift */; };
		FEB895A12AFD43810015AA87 /* AllDishes.swift in Sources */ = {isa = PBXBuildFile; fileRef = FEB895A02AFD43810015AA87 /* AllDishes.swift */; };
		FEDA1FF92AF7F9EF004249F5 /* DishListTableViewCell.swift in Sources */ = {isa = PBXBuildFile; fileRef = FEDA1FF72AF7F9EF004249F5 /* DishListTableViewCell.swift */; };
		FEDA1FFA2AF7F9EF004249F5 /* DishListTableViewCell.xib in Resources */ = {isa = PBXBuildFile; fileRef = FEDA1FF82AF7F9EF004249F5 /* DishListTableViewCell.xib */; };
		FEDA1FFD2AF7FCB1004249F5 /* ListDishesViewController.swift in Sources */ = {isa = PBXBuildFile; fileRef = FEDA1FFC2AF7FCB1004249F5 /* ListDishesViewController.swift */; };
		FEDA20002AF800A3004249F5 /* ListOrdersViewController.swift in Sources */ = {isa = PBXBuildFile; fileRef = FEDA1FFF2AF800A3004249F5 /* ListOrdersViewController.swift */; };
		FEDA20022AF80226004249F5 /* Order.swift in Sources */ = {isa = PBXBuildFile; fileRef = FEDA20012AF80226004249F5 /* Order.swift */; };
		FEDA20052AF947E0004249F5 /* NetworkService.swift in Sources */ = {isa = PBXBuildFile; fileRef = FEDA20042AF947E0004249F5 /* NetworkService.swift */; };
		FEDA20072AF948C8004249F5 /* Route.swift in Sources */ = {isa = PBXBuildFile; fileRef = FEDA20062AF948C8004249F5 /* Route.swift */; };
		FEDA20092AF94948004249F5 /* Method.swift in Sources */ = {isa = PBXBuildFile; fileRef = FEDA20082AF94948004249F5 /* Method.swift */; };
		FEDA27982AFA4261004249F5 /* AppError.swift in Sources */ = {isa = PBXBuildFile; fileRef = FEDA27972AFA4261004249F5 /* AppError.swift */; };
		FEDA279A2AFA4939004249F5 /* ApiResponse.swift in Sources */ = {isa = PBXBuildFile; fileRef = FEDA27992AFA4939004249F5 /* ApiResponse.swift */; };
		FEE23E582AF3BDFD00C1F742 /* AppDelegate.swift in Sources */ = {isa = PBXBuildFile; fileRef = FEE23E572AF3BDFD00C1F742 /* AppDelegate.swift */; };
		FEE23E5A2AF3BDFD00C1F742 /* SceneDelegate.swift in Sources */ = {isa = PBXBuildFile; fileRef = FEE23E592AF3BDFD00C1F742 /* SceneDelegate.swift */; };
		FEE23E5F2AF3BDFD00C1F742 /* Main.storyboard in Resources */ = {isa = PBXBuildFile; fileRef = FEE23E5D2AF3BDFD00C1F742 /* Main.storyboard */; };
		FEE23E612AF3BDFE00C1F742 /* Assets.xcassets in Resources */ = {isa = PBXBuildFile; fileRef = FEE23E602AF3BDFE00C1F742 /* Assets.xcassets */; };
		FEE23E642AF3BDFE00C1F742 /* LaunchScreen.storyboard in Resources */ = {isa = PBXBuildFile; fileRef = FEE23E622AF3BDFE00C1F742 /* LaunchScreen.storyboard */; };
		FEE23E732AF3CE2F00C1F742 /* OnboardingViewController.swift in Sources */ = {isa = PBXBuildFile; fileRef = FEE23E722AF3CE2F00C1F742 /* OnboardingViewController.swift */; };
		FEE246002AF555EB00C1F742 /* UIView+Extension.swift in Sources */ = {isa = PBXBuildFile; fileRef = FEE245FF2AF555EB00C1F742 /* UIView+Extension.swift */; };
		FEE246022AF5576B00C1F742 /* OnboardingSlide.swift in Sources */ = {isa = PBXBuildFile; fileRef = FEE246012AF5576B00C1F742 /* OnboardingSlide.swift */; };
		FEE246042AF55A1700C1F742 /* OnboardingCollectionViewCell.swift in Sources */ = {isa = PBXBuildFile; fileRef = FEE246032AF55A1700C1F742 /* OnboardingCollectionViewCell.swift */; };
/* End PBXBuildFile section */

/* Begin PBXFileReference section */
		1426F99EB82066E632719ECE /* Pods-FoodFusion.release.xcconfig */ = {isa = PBXFileReference; includeInIndex = 1; lastKnownFileType = text.xcconfig; name = "Pods-FoodFusion.release.xcconfig"; path = "Target Support Files/Pods-FoodFusion/Pods-FoodFusion.release.xcconfig"; sourceTree = "<group>"; };
		402EDE88AD6480C528B8DB54 /* Pods-FoodFusion.debug.xcconfig */ = {isa = PBXFileReference; includeInIndex = 1; lastKnownFileType = text.xcconfig; name = "Pods-FoodFusion.debug.xcconfig"; path = "Target Support Files/Pods-FoodFusion/Pods-FoodFusion.debug.xcconfig"; sourceTree = "<group>"; };
		BAE8810E8E71A3D663FD16AE /* Pods_FoodFusion.framework */ = {isa = PBXFileReference; explicitFileType = wrapper.framework; includeInIndex = 0; path = Pods_FoodFusion.framework; sourceTree = BUILT_PRODUCTS_DIR; };
		FE858FF42AF613250033C00E /* HomeViewController.swift */ = {isa = PBXFileReference; lastKnownFileType = sourcecode.swift; path = HomeViewController.swift; sourceTree = "<group>"; };
		FE858FF92AF618A80033C00E /* CategoryCollectionViewCell.swift */ = {isa = PBXFileReference; lastKnownFileType = sourcecode.swift; path = CategoryCollectionViewCell.swift; sourceTree = "<group>"; };
		FE858FFA2AF618A80033C00E /* CategoryCollectionViewCell.xib */ = {isa = PBXFileReference; lastKnownFileType = file.xib; path = CategoryCollectionViewCell.xib; sourceTree = "<group>"; };
		FE858FFD2AF620D20033C00E /* DishCategory.swift */ = {isa = PBXFileReference; lastKnownFileType = sourcecode.swift; path = DishCategory.swift; sourceTree = "<group>"; };
		FE858FFF2AF623470033C00E /* String+Extension.swift */ = {isa = PBXFileReference; lastKnownFileType = sourcecode.swift; path = "String+Extension.swift"; sourceTree = "<group>"; };
		FE8590022AF6380C0033C00E /* CardView.swift */ = {isa = PBXFileReference; lastKnownFileType = sourcecode.swift; path = CardView.swift; sourceTree = "<group>"; };
		FE8590052AF648520033C00E /* DishPortraitCollectionViewCell.swift */ = {isa = PBXFileReference; lastKnownFileType = sourcecode.swift; path = DishPortraitCollectionViewCell.swift; sourceTree = "<group>"; };
		FE8590062AF648520033C00E /* DishPortraitCollectionViewCell.xib */ = {isa = PBXFileReference; lastKnownFileType = file.xib; path = DishPortraitCollectionViewCell.xib; sourceTree = "<group>"; };
		FE8590092AF64ADF0033C00E /* Dish.swift */ = {isa = PBXFileReference; lastKnownFileType = sourcecode.swift; path = Dish.swift; sourceTree = "<group>"; };
		FE85900C2AF6A23F0033C00E /* DishLandscapeCollectionViewCell.swift */ = {isa = PBXFileReference; lastKnownFileType = sourcecode.swift; path = DishLandscapeCollectionViewCell.swift; sourceTree = "<group>"; };
		FE85900D2AF6A23F0033C00E /* DishLandscapeCollectionViewCell.xib */ = {isa = PBXFileReference; lastKnownFileType = file.xib; path = DishLandscapeCollectionViewCell.xib; sourceTree = "<group>"; };
		FE8590112AF6CCB00033C00E /* DishDetailViewController.swift */ = {isa = PBXFileReference; lastKnownFileType = sourcecode.swift; path = DishDetailViewController.swift; sourceTree = "<group>"; };
		FE8590132AF6CFC90033C00E /* UIViewController+Extension.swift */ = {isa = PBXFileReference; lastKnownFileType = sourcecode.swift; path = "UIViewController+Extension.swift"; sourceTree = "<group>"; };
		FEB895A02AFD43810015AA87 /* AllDishes.swift */ = {isa = PBXFileReference; lastKnownFileType = sourcecode.swift; path = AllDishes.swift; sourceTree = "<group>"; };
		FEDA1FF72AF7F9EF004249F5 /* DishListTableViewCell.swift */ = {isa = PBXFileReference; lastKnownFileType = sourcecode.swift; path = DishListTableViewCell.swift; sourceTree = "<group>"; };
		FEDA1FF82AF7F9EF004249F5 /* DishListTableViewCell.xib */ = {isa = PBXFileReference; lastKnownFileType = file.xib; path = DishListTableViewCell.xib; sourceTree = "<group>"; };
		FEDA1FFC2AF7FCB1004249F5 /* ListDishesViewController.swift */ = {isa = PBXFileReference; lastKnownFileType = sourcecode.swift; path = ListDishesViewController.swift; sourceTree = "<group>"; };
		FEDA1FFF2AF800A3004249F5 /* ListOrdersViewController.swift */ = {isa = PBXFileReference; lastKnownFileType = sourcecode.swift; path = ListOrdersViewController.swift; sourceTree = "<group>"; };
		FEDA20012AF80226004249F5 /* Order.swift */ = {isa = PBXFileReference; lastKnownFileType = sourcecode.swift; path = Order.swift; sourceTree = "<group>"; };
		FEDA20042AF947E0004249F5 /* NetworkService.swift */ = {isa = PBXFileReference; lastKnownFileType = sourcecode.swift; path = NetworkService.swift; sourceTree = "<group>"; };
		FEDA20062AF948C8004249F5 /* Route.swift */ = {isa = PBXFileReference; lastKnownFileType = sourcecode.swift; path = Route.swift; sourceTree = "<group>"; };
		FEDA20082AF94948004249F5 /* Method.swift */ = {isa = PBXFileReference; lastKnownFileType = sourcecode.swift; path = Method.swift; sourceTree = "<group>"; };
		FEDA27972AFA4261004249F5 /* AppError.swift */ = {isa = PBXFileReference; lastKnownFileType = sourcecode.swift; path = AppError.swift; sourceTree = "<group>"; };
		FEDA27992AFA4939004249F5 /* ApiResponse.swift */ = {isa = PBXFileReference; lastKnownFileType = sourcecode.swift; path = ApiResponse.swift; sourceTree = "<group>"; };
		FEE23E542AF3BDFD00C1F742 /* FoodFusion.app */ = {isa = PBXFileReference; explicitFileType = wrapper.application; includeInIndex = 0; path = FoodFusion.app; sourceTree = BUILT_PRODUCTS_DIR; };
		FEE23E572AF3BDFD00C1F742 /* AppDelegate.swift */ = {isa = PBXFileReference; lastKnownFileType = sourcecode.swift; path = AppDelegate.swift; sourceTree = "<group>"; };
		FEE23E592AF3BDFD00C1F742 /* SceneDelegate.swift */ = {isa = PBXFileReference; lastKnownFileType = sourcecode.swift; path = SceneDelegate.swift; sourceTree = "<group>"; };
		FEE23E5E2AF3BDFD00C1F742 /* Base */ = {isa = PBXFileReference; lastKnownFileType = file.storyboard; name = Base; path = Base.lproj/Main.storyboard; sourceTree = "<group>"; };
		FEE23E602AF3BDFE00C1F742 /* Assets.xcassets */ = {isa = PBXFileReference; lastKnownFileType = folder.assetcatalog; path = Assets.xcassets; sourceTree = "<group>"; };
		FEE23E632AF3BDFE00C1F742 /* Base */ = {isa = PBXFileReference; lastKnownFileType = file.storyboard; name = Base; path = Base.lproj/LaunchScreen.storyboard; sourceTree = "<group>"; };
		FEE23E652AF3BDFE00C1F742 /* Info.plist */ = {isa = PBXFileReference; lastKnownFileType = text.plist.xml; path = Info.plist; sourceTree = "<group>"; };
		FEE23E722AF3CE2F00C1F742 /* OnboardingViewController.swift */ = {isa = PBXFileReference; lastKnownFileType = sourcecode.swift; path = OnboardingViewController.swift; sourceTree = "<group>"; };
		FEE245FF2AF555EB00C1F742 /* UIView+Extension.swift */ = {isa = PBXFileReference; lastKnownFileType = sourcecode.swift; path = "UIView+Extension.swift"; sourceTree = "<group>"; };
		FEE246012AF5576B00C1F742 /* OnboardingSlide.swift */ = {isa = PBXFileReference; lastKnownFileType = sourcecode.swift; path = OnboardingSlide.swift; sourceTree = "<group>"; };
		FEE246032AF55A1700C1F742 /* OnboardingCollectionViewCell.swift */ = {isa = PBXFileReference; lastKnownFileType = sourcecode.swift; path = OnboardingCollectionViewCell.swift; sourceTree = "<group>"; };
/* End PBXFileReference section */

/* Begin PBXFrameworksBuildPhase section */
		FEE23E512AF3BDFD00C1F742 /* Frameworks */ = {
			isa = PBXFrameworksBuildPhase;
			buildActionMask = 2147483647;
			files = (
				028B78BAEE3E903948B60D22 /* Pods_FoodFusion.framework in Frameworks */,
			);
			runOnlyForDeploymentPostprocessing = 0;
		};
/* End PBXFrameworksBuildPhase section */

/* Begin PBXGroup section */
		32E80676EF3D4D79DC65BE7E /* Frameworks */ = {
			isa = PBXGroup;
			children = (
				BAE8810E8E71A3D663FD16AE /* Pods_FoodFusion.framework */,
			);
			name = Frameworks;
			sourceTree = "<group>";
		};
		A71810D1495A98CD01B3EDA4 /* Pods */ = {
			isa = PBXGroup;
			children = (
				402EDE88AD6480C528B8DB54 /* Pods-FoodFusion.debug.xcconfig */,
				1426F99EB82066E632719ECE /* Pods-FoodFusion.release.xcconfig */,
			);
			path = Pods;
			sourceTree = "<group>";
		};
		FE858FF32AF613120033C00E /* Home */ = {
			isa = PBXGroup;
			children = (
				FE858FF42AF613250033C00E /* HomeViewController.swift */,
			);
			path = Home;
			sourceTree = "<group>";
		};
		FE858FF62AF6182C0033C00E /* CollectionViewCells */ = {
			isa = PBXGroup;
			children = (
				FE85900B2AF6A2210033C00E /* DishLandscapeCollectionViewCell */,
				FE8590042AF648200033C00E /* DishPortraitCollectionViewCell */,
				FE858FF82AF618640033C00E /* CategoryCollectionViewCell */,
			);
			path = CollectionViewCells;
			sourceTree = "<group>";
		};
		FE858FF72AF618450033C00E /* Resources */ = {
			isa = PBXGroup;
			children = (
				FEE23E572AF3BDFD00C1F742 /* AppDelegate.swift */,
				FEE23E592AF3BDFD00C1F742 /* SceneDelegate.swift */,
				FEE23E602AF3BDFE00C1F742 /* Assets.xcassets */,
			);
			path = Resources;
			sourceTree = "<group>";
		};
		FE858FF82AF618640033C00E /* CategoryCollectionViewCell */ = {
			isa = PBXGroup;
			children = (
				FE858FF92AF618A80033C00E /* CategoryCollectionViewCell.swift */,
				FE858FFA2AF618A80033C00E /* CategoryCollectionViewCell.xib */,
			);
			path = CategoryCollectionViewCell;
			sourceTree = "<group>";
		};
		FE8590012AF637FD0033C00E /* CardView */ = {
			isa = PBXGroup;
			children = (
				FE8590022AF6380C0033C00E /* CardView.swift */,
			);
			path = CardView;
			sourceTree = "<group>";
		};
		FE8590042AF648200033C00E /* DishPortraitCollectionViewCell */ = {
			isa = PBXGroup;
			children = (
				FE8590052AF648520033C00E /* DishPortraitCollectionViewCell.swift */,
				FE8590062AF648520033C00E /* DishPortraitCollectionViewCell.xib */,
			);
			path = DishPortraitCollectionViewCell;
			sourceTree = "<group>";
		};
		FE85900B2AF6A2210033C00E /* DishLandscapeCollectionViewCell */ = {
			isa = PBXGroup;
			children = (
				FE85900C2AF6A23F0033C00E /* DishLandscapeCollectionViewCell.swift */,
				FE85900D2AF6A23F0033C00E /* DishLandscapeCollectionViewCell.xib */,
			);
			path = DishLandscapeCollectionViewCell;
			sourceTree = "<group>";
		};
		FE8590102AF6CC980033C00E /* DishDetail */ = {
			isa = PBXGroup;
			children = (
				FE8590112AF6CCB00033C00E /* DishDetailViewController.swift */,
			);
			path = DishDetail;
			sourceTree = "<group>";
		};
		FEDA1FF02AF7F439004249F5 /* TableVIewCell */ = {
			isa = PBXGroup;
			children = (
				FEDA1FF62AF7F9D2004249F5 /* DishListTableViewCell */,
			);
			path = TableVIewCell;
			sourceTree = "<group>";
		};
		FEDA1FF62AF7F9D2004249F5 /* DishListTableViewCell */ = {
			isa = PBXGroup;
			children = (
				FEDA1FF72AF7F9EF004249F5 /* DishListTableViewCell.swift */,
				FEDA1FF82AF7F9EF004249F5 /* DishListTableViewCell.xib */,
			);
			path = DishListTableViewCell;
			sourceTree = "<group>";
		};
		FEDA1FFB2AF7FC8D004249F5 /* ListDishes */ = {
			isa = PBXGroup;
			children = (
				FEDA1FFC2AF7FCB1004249F5 /* ListDishesViewController.swift */,
			);
			path = ListDishes;
			sourceTree = "<group>";
		};
		FEDA1FFE2AF80092004249F5 /* ListOrders */ = {
			isa = PBXGroup;
			children = (
				FEDA1FFF2AF800A3004249F5 /* ListOrdersViewController.swift */,
			);
			path = ListOrders;
			sourceTree = "<group>";
		};
		FEDA20032AF947D1004249F5 /* Networking */ = {
			isa = PBXGroup;
			children = (
				FEDA20042AF947E0004249F5 /* NetworkService.swift */,
				FEDA20062AF948C8004249F5 /* Route.swift */,
				FEDA20082AF94948004249F5 /* Method.swift */,
				FEDA27972AFA4261004249F5 /* AppError.swift */,
				FEDA27992AFA4939004249F5 /* ApiResponse.swift */,
			);
			path = Networking;
			sourceTree = "<group>";
		};
		FEE23E4B2AF3BDFD00C1F742 = {
			isa = PBXGroup;
			children = (
				FEE23E562AF3BDFD00C1F742 /* FoodFusion */,
				FEE23E552AF3BDFD00C1F742 /* Products */,
				A71810D1495A98CD01B3EDA4 /* Pods */,
				32E80676EF3D4D79DC65BE7E /* Frameworks */,
			);
			sourceTree = "<group>";
		};
		FEE23E552AF3BDFD00C1F742 /* Products */ = {
			isa = PBXGroup;
			children = (
				FEE23E542AF3BDFD00C1F742 /* FoodFusion.app */,
			);
			name = Products;
			sourceTree = "<group>";
		};
		FEE23E562AF3BDFD00C1F742 /* FoodFusion */ = {
			isa = PBXGroup;
			children = (
				FEDA20032AF947D1004249F5 /* Networking */,
				FEE245FE2AF555CE00C1F742 /* Extensions */,
				FEE23E6F2AF3CE0200C1F742 /* CustomViews */,
				FEE23E6C2AF3CDE300C1F742 /* Views */,
				FEE23E5D2AF3BDFD00C1F742 /* Main.storyboard */,
				FEE23E622AF3BDFE00C1F742 /* LaunchScreen.storyboard */,
				FEE23E6B2AF3CDDD00C1F742 /* Models */,
				FE858FF72AF618450033C00E /* Resources */,
				FEE23E652AF3BDFE00C1F742 /* Info.plist */,
			);
			path = FoodFusion;
			sourceTree = "<group>";
		};
		FEE23E6B2AF3CDDD00C1F742 /* Models */ = {
			isa = PBXGroup;
			children = (
				FEE246012AF5576B00C1F742 /* OnboardingSlide.swift */,
				FE858FFD2AF620D20033C00E /* DishCategory.swift */,
				FE8590092AF64ADF0033C00E /* Dish.swift */,
				FEDA20012AF80226004249F5 /* Order.swift */,
				FEB895A02AFD43810015AA87 /* AllDishes.swift */,
			);
			path = Models;
			sourceTree = "<group>";
		};
		FEE23E6C2AF3CDE300C1F742 /* Views */ = {
			isa = PBXGroup;
			children = (
				FEDA1FFE2AF80092004249F5 /* ListOrders */,
				FEDA1FFB2AF7FC8D004249F5 /* ListDishes */,
				FE8590102AF6CC980033C00E /* DishDetail */,
				FE858FF32AF613120033C00E /* Home */,
				FEE23E712AF3CE1600C1F742 /* Onboarding */,
			);
			path = Views;
			sourceTree = "<group>";
		};
		FEE23E6F2AF3CE0200C1F742 /* CustomViews */ = {
			isa = PBXGroup;
			children = (
				FEDA1FF02AF7F439004249F5 /* TableVIewCell */,
				FE8590012AF637FD0033C00E /* CardView */,
				FE858FF62AF6182C0033C00E /* CollectionViewCells */,
			);
			path = CustomViews;
			sourceTree = "<group>";
		};
		FEE23E712AF3CE1600C1F742 /* Onboarding */ = {
			isa = PBXGroup;
			children = (
				FEE23E722AF3CE2F00C1F742 /* OnboardingViewController.swift */,
				FEE246032AF55A1700C1F742 /* OnboardingCollectionViewCell.swift */,
			);
			path = Onboarding;
			sourceTree = "<group>";
		};
		FEE245FE2AF555CE00C1F742 /* Extensions */ = {
			isa = PBXGroup;
			children = (
				FEE245FF2AF555EB00C1F742 /* UIView+Extension.swift */,
				FE858FFF2AF623470033C00E /* String+Extension.swift */,
				FE8590132AF6CFC90033C00E /* UIViewController+Extension.swift */,
			);
			path = Extensions;
			sourceTree = "<group>";
		};
/* End PBXGroup section */

/* Begin PBXNativeTarget section */
		FEE23E532AF3BDFD00C1F742 /* FoodFusion */ = {
			isa = PBXNativeTarget;
			buildConfigurationList = FEE23E682AF3BDFE00C1F742 /* Build configuration list for PBXNativeTarget "FoodFusion" */;
			buildPhases = (
				46CFE226237686A86077371E /* [CP] Check Pods Manifest.lock */,
				FEE23E502AF3BDFD00C1F742 /* Sources */,
				FEE23E512AF3BDFD00C1F742 /* Frameworks */,
				FEE23E522AF3BDFD00C1F742 /* Resources */,
				9395751BFDF65262693E589D /* [CP] Embed Pods Frameworks */,
			);
			buildRules = (
			);
			dependencies = (
			);
			name = FoodFusion;
			productName = FoodFusion;
			productReference = FEE23E542AF3BDFD00C1F742 /* FoodFusion.app */;
			productType = "com.apple.product-type.application";
		};
/* End PBXNativeTarget section */

/* Begin PBXProject section */
		FEE23E4C2AF3BDFD00C1F742 /* Project object */ = {
			isa = PBXProject;
			attributes = {
				BuildIndependentTargetsInParallel = 1;
				LastSwiftUpdateCheck = 1500;
				LastUpgradeCheck = 1500;
				TargetAttributes = {
					FEE23E532AF3BDFD00C1F742 = {
						CreatedOnToolsVersion = 15.0;
					};
				};
			};
			buildConfigurationList = FEE23E4F2AF3BDFD00C1F742 /* Build configuration list for PBXProject "FoodFusion" */;
			compatibilityVersion = "Xcode 14.0";
			developmentRegion = en;
			hasScannedForEncodings = 0;
			knownRegions = (
				en,
				Base,
			);
			mainGroup = FEE23E4B2AF3BDFD00C1F742;
			productRefGroup = FEE23E552AF3BDFD00C1F742 /* Products */;
			projectDirPath = "";
			projectRoot = "";
			targets = (
				FEE23E532AF3BDFD00C1F742 /* FoodFusion */,
			);
		};
/* End PBXProject section */

/* Begin PBXResourcesBuildPhase section */
		FEE23E522AF3BDFD00C1F742 /* Resources */ = {
			isa = PBXResourcesBuildPhase;
			buildActionMask = 2147483647;
			files = (
				FE858FFC2AF618A80033C00E /* CategoryCollectionViewCell.xib in Resources */,
				FEDA1FFA2AF7F9EF004249F5 /* DishListTableViewCell.xib in Resources */,
				FEE23E642AF3BDFE00C1F742 /* LaunchScreen.storyboard in Resources */,
				FE8590082AF648520033C00E /* DishPortraitCollectionViewCell.xib in Resources */,
				FEE23E612AF3BDFE00C1F742 /* Assets.xcassets in Resources */,
				FE85900F2AF6A23F0033C00E /* DishLandscapeCollectionViewCell.xib in Resources */,
				FEE23E5F2AF3BDFD00C1F742 /* Main.storyboard in Resources */,
			);
			runOnlyForDeploymentPostprocessing = 0;
		};
/* End PBXResourcesBuildPhase section */

/* Begin PBXShellScriptBuildPhase section */
		46CFE226237686A86077371E /* [CP] Check Pods Manifest.lock */ = {
			isa = PBXShellScriptBuildPhase;
			buildActionMask = 2147483647;
			files = (
			);
			inputFileListPaths = (
			);
			inputPaths = (
				"${PODS_PODFILE_DIR_PATH}/Podfile.lock",
				"${PODS_ROOT}/Manifest.lock",
			);
			name = "[CP] Check Pods Manifest.lock";
			outputFileListPaths = (
			);
			outputPaths = (
				"$(DERIVED_FILE_DIR)/Pods-FoodFusion-checkManifestLockResult.txt",
			);
			runOnlyForDeploymentPostprocessing = 0;
			shellPath = /bin/sh;
			shellScript = "diff \"${PODS_PODFILE_DIR_PATH}/Podfile.lock\" \"${PODS_ROOT}/Manifest.lock\" > /dev/null\nif [ $? != 0 ] ; then\n    # print error to STDERR\n    echo \"error: The sandbox is not in sync with the Podfile.lock. Run 'pod install' or update your CocoaPods installation.\" >&2\n    exit 1\nfi\n# This output is used by Xcode 'outputs' to avoid re-running this script phase.\necho \"SUCCESS\" > \"${SCRIPT_OUTPUT_FILE_0}\"\n";
			showEnvVarsInLog = 0;
		};
		9395751BFDF65262693E589D /* [CP] Embed Pods Frameworks */ = {
			isa = PBXShellScriptBuildPhase;
			buildActionMask = 2147483647;
			files = (
			);
			inputFileListPaths = (
				"${PODS_ROOT}/Target Support Files/Pods-FoodFusion/Pods-FoodFusion-frameworks-${CONFIGURATION}-input-files.xcfilelist",
			);
			name = "[CP] Embed Pods Frameworks";
			outputFileListPaths = (
				"${PODS_ROOT}/Target Support Files/Pods-FoodFusion/Pods-FoodFusion-frameworks-${CONFIGURATION}-output-files.xcfilelist",
			);
			runOnlyForDeploymentPostprocessing = 0;
			shellPath = /bin/sh;
			shellScript = "\"${PODS_ROOT}/Target Support Files/Pods-FoodFusion/Pods-FoodFusion-frameworks.sh\"\n";
			showEnvVarsInLog = 0;
		};
/* End PBXShellScriptBuildPhase section */

/* Begin PBXSourcesBuildPhase section */
		FEE23E502AF3BDFD00C1F742 /* Sources */ = {
			isa = PBXSourcesBuildPhase;
			buildActionMask = 2147483647;
			files = (
				FEDA1FF92AF7F9EF004249F5 /* DishListTableViewCell.swift in Sources */,
				FEDA20002AF800A3004249F5 /* ListOrdersViewController.swift in Sources */,
				FEDA20022AF80226004249F5 /* Order.swift in Sources */,
				FE8590142AF6CFC90033C00E /* UIViewController+Extension.swift in Sources */,
				FE858FFB2AF618A80033C00E /* CategoryCollectionViewCell.swift in Sources */,
				FEE246022AF5576B00C1F742 /* OnboardingSlide.swift in Sources */,
				FEE23E582AF3BDFD00C1F742 /* AppDelegate.swift in Sources */,
				FEB895A12AFD43810015AA87 /* AllDishes.swift in Sources */,
				FEE23E5A2AF3BDFD00C1F742 /* SceneDelegate.swift in Sources */,
				FEDA20092AF94948004249F5 /* Method.swift in Sources */,
				FEE246002AF555EB00C1F742 /* UIView+Extension.swift in Sources */,
				FEE23E732AF3CE2F00C1F742 /* OnboardingViewController.swift in Sources */,
				FE8590122AF6CCB00033C00E /* DishDetailViewController.swift in Sources */,
				FE858FF52AF613250033C00E /* HomeViewController.swift in Sources */,
				FEDA279A2AFA4939004249F5 /* ApiResponse.swift in Sources */,
				FE858FFE2AF620D20033C00E /* DishCategory.swift in Sources */,
				FEDA20072AF948C8004249F5 /* Route.swift in Sources */,
				FEDA20052AF947E0004249F5 /* NetworkService.swift in Sources */,
				FE85900E2AF6A23F0033C00E /* DishLandscapeCollectionViewCell.swift in Sources */,
				FE8590002AF623470033C00E /* String+Extension.swift in Sources */,
				FE8590032AF6380C0033C00E /* CardView.swift in Sources */,
				FEDA1FFD2AF7FCB1004249F5 /* ListDishesViewController.swift in Sources */,
				FEDA27982AFA4261004249F5 /* AppError.swift in Sources */,
				FEE246042AF55A1700C1F742 /* OnboardingCollectionViewCell.swift in Sources */,
				FE85900A2AF64ADF0033C00E /* Dish.swift in Sources */,
				FE8590072AF648520033C00E /* DishPortraitCollectionViewCell.swift in Sources */,
			);
			runOnlyForDeploymentPostprocessing = 0;
		};
/* End PBXSourcesBuildPhase section */

/* Begin PBXVariantGroup section */
		FEE23E5D2AF3BDFD00C1F742 /* Main.storyboard */ = {
			isa = PBXVariantGroup;
			children = (
				FEE23E5E2AF3BDFD00C1F742 /* Base */,
			);
			name = Main.storyboard;
			sourceTree = "<group>";
		};
		FEE23E622AF3BDFE00C1F742 /* LaunchScreen.storyboard */ = {
			isa = PBXVariantGroup;
			children = (
				FEE23E632AF3BDFE00C1F742 /* Base */,
			);
			name = LaunchScreen.storyboard;
			sourceTree = "<group>";
		};
/* End PBXVariantGroup section */

/* Begin XCBuildConfiguration section */
		FEE23E662AF3BDFE00C1F742 /* Debug */ = {
			isa = XCBuildConfiguration;
			buildSettings = {
				ALWAYS_SEARCH_USER_PATHS = NO;
				ASSETCATALOG_COMPILER_GENERATE_SWIFT_ASSET_SYMBOL_EXTENSIONS = YES;
				CLANG_ANALYZER_NONNULL = YES;
				CLANG_ANALYZER_NUMBER_OBJECT_CONVERSION = YES_AGGRESSIVE;
				CLANG_CXX_LANGUAGE_STANDARD = "gnu++20";
				CLANG_ENABLE_MODULES = YES;
				CLANG_ENABLE_OBJC_ARC = YES;
				CLANG_ENABLE_OBJC_WEAK = YES;
				CLANG_WARN_BLOCK_CAPTURE_AUTORELEASING = YES;
				CLANG_WARN_BOOL_CONVERSION = YES;
				CLANG_WARN_COMMA = YES;
				CLANG_WARN_CONSTANT_CONVERSION = YES;
				CLANG_WARN_DEPRECATED_OBJC_IMPLEMENTATIONS = YES;
				CLANG_WARN_DIRECT_OBJC_ISA_USAGE = YES_ERROR;
				CLANG_WARN_DOCUMENTATION_COMMENTS = YES;
				CLANG_WARN_EMPTY_BODY = YES;
				CLANG_WARN_ENUM_CONVERSION = YES;
				CLANG_WARN_INFINITE_RECURSION = YES;
				CLANG_WARN_INT_CONVERSION = YES;
				CLANG_WARN_NON_LITERAL_NULL_CONVERSION = YES;
				CLANG_WARN_OBJC_IMPLICIT_RETAIN_SELF = YES;
				CLANG_WARN_OBJC_LITERAL_CONVERSION = YES;
				CLANG_WARN_OBJC_ROOT_CLASS = YES_ERROR;
				CLANG_WARN_QUOTED_INCLUDE_IN_FRAMEWORK_HEADER = YES;
				CLANG_WARN_RANGE_LOOP_ANALYSIS = YES;
				CLANG_WARN_STRICT_PROTOTYPES = YES;
				CLANG_WARN_SUSPICIOUS_MOVE = YES;
				CLANG_WARN_UNGUARDED_AVAILABILITY = YES_AGGRESSIVE;
				CLANG_WARN_UNREACHABLE_CODE = YES;
				CLANG_WARN__DUPLICATE_METHOD_MATCH = YES;
				COPY_PHASE_STRIP = NO;
				DEBUG_INFORMATION_FORMAT = dwarf;
				ENABLE_STRICT_OBJC_MSGSEND = YES;
				ENABLE_TESTABILITY = YES;
				ENABLE_USER_SCRIPT_SANDBOXING = YES;
				GCC_C_LANGUAGE_STANDARD = gnu17;
				GCC_DYNAMIC_NO_PIC = NO;
				GCC_NO_COMMON_BLOCKS = YES;
				GCC_OPTIMIZATION_LEVEL = 0;
				GCC_PREPROCESSOR_DEFINITIONS = (
					"DEBUG=1",
					"$(inherited)",
				);
				GCC_WARN_64_TO_32_BIT_CONVERSION = YES;
				GCC_WARN_ABOUT_RETURN_TYPE = YES_ERROR;
				GCC_WARN_UNDECLARED_SELECTOR = YES;
				GCC_WARN_UNINITIALIZED_AUTOS = YES_AGGRESSIVE;
				GCC_WARN_UNUSED_FUNCTION = YES;
				GCC_WARN_UNUSED_VARIABLE = YES;
				IPHONEOS_DEPLOYMENT_TARGET = 17.0;
				LOCALIZATION_PREFERS_STRING_CATALOGS = YES;
				MTL_ENABLE_DEBUG_INFO = INCLUDE_SOURCE;
				MTL_FAST_MATH = YES;
				ONLY_ACTIVE_ARCH = YES;
				SDKROOT = iphoneos;
				SWIFT_ACTIVE_COMPILATION_CONDITIONS = "DEBUG $(inherited)";
				SWIFT_OPTIMIZATION_LEVEL = "-Onone";
			};
			name = Debug;
		};
		FEE23E672AF3BDFE00C1F742 /* Release */ = {
			isa = XCBuildConfiguration;
			buildSettings = {
				ALWAYS_SEARCH_USER_PATHS = NO;
				ASSETCATALOG_COMPILER_GENERATE_SWIFT_ASSET_SYMBOL_EXTENSIONS = YES;
				CLANG_ANALYZER_NONNULL = YES;
				CLANG_ANALYZER_NUMBER_OBJECT_CONVERSION = YES_AGGRESSIVE;
				CLANG_CXX_LANGUAGE_STANDARD = "gnu++20";
				CLANG_ENABLE_MODULES = YES;
				CLANG_ENABLE_OBJC_ARC = YES;
				CLANG_ENABLE_OBJC_WEAK = YES;
				CLANG_WARN_BLOCK_CAPTURE_AUTORELEASING = YES;
				CLANG_WARN_BOOL_CONVERSION = YES;
				CLANG_WARN_COMMA = YES;
				CLANG_WARN_CONSTANT_CONVERSION = YES;
				CLANG_WARN_DEPRECATED_OBJC_IMPLEMENTATIONS = YES;
				CLANG_WARN_DIRECT_OBJC_ISA_USAGE = YES_ERROR;
				CLANG_WARN_DOCUMENTATION_COMMENTS = YES;
				CLANG_WARN_EMPTY_BODY = YES;
				CLANG_WARN_ENUM_CONVERSION = YES;
				CLANG_WARN_INFINITE_RECURSION = YES;
				CLANG_WARN_INT_CONVERSION = YES;
				CLANG_WARN_NON_LITERAL_NULL_CONVERSION = YES;
				CLANG_WARN_OBJC_IMPLICIT_RETAIN_SELF = YES;
				CLANG_WARN_OBJC_LITERAL_CONVERSION = YES;
				CLANG_WARN_OBJC_ROOT_CLASS = YES_ERROR;
				CLANG_WARN_QUOTED_INCLUDE_IN_FRAMEWORK_HEADER = YES;
				CLANG_WARN_RANGE_LOOP_ANALYSIS = YES;
				CLANG_WARN_STRICT_PROTOTYPES = YES;
				CLANG_WARN_SUSPICIOUS_MOVE = YES;
				CLANG_WARN_UNGUARDED_AVAILABILITY = YES_AGGRESSIVE;
				CLANG_WARN_UNREACHABLE_CODE = YES;
				CLANG_WARN__DUPLICATE_METHOD_MATCH = YES;
				COPY_PHASE_STRIP = NO;
				DEBUG_INFORMATION_FORMAT = "dwarf-with-dsym";
				ENABLE_NS_ASSERTIONS = NO;
				ENABLE_STRICT_OBJC_MSGSEND = YES;
				ENABLE_USER_SCRIPT_SANDBOXING = YES;
				GCC_C_LANGUAGE_STANDARD = gnu17;
				GCC_NO_COMMON_BLOCKS = YES;
				GCC_WARN_64_TO_32_BIT_CONVERSION = YES;
				GCC_WARN_ABOUT_RETURN_TYPE = YES_ERROR;
				GCC_WARN_UNDECLARED_SELECTOR = YES;
				GCC_WARN_UNINITIALIZED_AUTOS = YES_AGGRESSIVE;
				GCC_WARN_UNUSED_FUNCTION = YES;
				GCC_WARN_UNUSED_VARIABLE = YES;
				IPHONEOS_DEPLOYMENT_TARGET = 17.0;
				LOCALIZATION_PREFERS_STRING_CATALOGS = YES;
				MTL_ENABLE_DEBUG_INFO = NO;
				MTL_FAST_MATH = YES;
				SDKROOT = iphoneos;
				SWIFT_COMPILATION_MODE = wholemodule;
				VALIDATE_PRODUCT = YES;
			};
			name = Release;
		};
		FEE23E692AF3BDFE00C1F742 /* Debug */ = {
			isa = XCBuildConfiguration;
			baseConfigurationReference = 402EDE88AD6480C528B8DB54 /* Pods-FoodFusion.debug.xcconfig */;
			buildSettings = {
				ASSETCATALOG_COMPILER_APPICON_NAME = AppIcon;
				ASSETCATALOG_COMPILER_GLOBAL_ACCENT_COLOR_NAME = AccentColor;
				CODE_SIGN_STYLE = Automatic;
				CURRENT_PROJECT_VERSION = 1;
				DEVELOPMENT_TEAM = GFQZS7NGFJ;
				ENABLE_USER_SCRIPT_SANDBOXING = NO;
				GENERATE_INFOPLIST_FILE = YES;
				INFOPLIST_FILE = FoodFusion/Info.plist;
				INFOPLIST_KEY_CFBundleDisplayName = "Food Fusion";
				INFOPLIST_KEY_LSApplicationCategoryType = "public.app-category.food-and-drink";
				INFOPLIST_KEY_UIApplicationSupportsIndirectInputEvents = YES;
				INFOPLIST_KEY_UILaunchStoryboardName = LaunchScreen;
				INFOPLIST_KEY_UIMainStoryboardFile = Main;
				INFOPLIST_KEY_UISupportedInterfaceOrientations = "UIInterfaceOrientationLandscapeLeft UIInterfaceOrientationLandscapeRight UIInterfaceOrientationPortrait";
				INFOPLIST_KEY_UISupportedInterfaceOrientations_iPad = UIInterfaceOrientationPortrait;
				IPHONEOS_DEPLOYMENT_TARGET = 13.0;
				LD_RUNPATH_SEARCH_PATHS = (
					"$(inherited)",
					"@executable_path/Frameworks",
				);
				MARKETING_VERSION = 1.0;
				PRODUCT_BUNDLE_IDENTIFIER = com.abhistin.FoodFusion;
				PRODUCT_NAME = "$(TARGET_NAME)";
				SWIFT_EMIT_LOC_STRINGS = YES;
				SWIFT_VERSION = 5.0;
				TARGETED_DEVICE_FAMILY = "1,2";
			};
			name = Debug;
		};
		FEE23E6A2AF3BDFE00C1F742 /* Release */ = {
			isa = XCBuildConfiguration;
			baseConfigurationReference = 1426F99EB82066E632719ECE /* Pods-FoodFusion.release.xcconfig */;
			buildSettings = {
				ASSETCATALOG_COMPILER_APPICON_NAME = AppIcon;
				ASSETCATALOG_COMPILER_GLOBAL_ACCENT_COLOR_NAME = AccentColor;
				CODE_SIGN_STYLE = Automatic;
				CURRENT_PROJECT_VERSION = 1;
				DEVELOPMENT_TEAM = GFQZS7NGFJ;
				ENABLE_USER_SCRIPT_SANDBOXING = NO;
				GENERATE_INFOPLIST_FILE = YES;
				INFOPLIST_FILE = FoodFusion/Info.plist;
				INFOPLIST_KEY_CFBundleDisplayName = "Food Fusion";
				INFOPLIST_KEY_LSApplicationCategoryType = "public.app-category.food-and-drink";
				INFOPLIST_KEY_UIApplicationSupportsIndirectInputEvents = YES;
				INFOPLIST_KEY_UILaunchStoryboardName = LaunchScreen;
				INFOPLIST_KEY_UIMainStoryboardFile = Main;
				INFOPLIST_KEY_UISupportedInterfaceOrientations = "UIInterfaceOrientationLandscapeLeft UIInterfaceOrientationLandscapeRight UIInterfaceOrientationPortrait";
				INFOPLIST_KEY_UISupportedInterfaceOrientations_iPad = UIInterfaceOrientationPortrait;
				IPHONEOS_DEPLOYMENT_TARGET = 13.0;
				LD_RUNPATH_SEARCH_PATHS = (
					"$(inherited)",
					"@executable_path/Frameworks",
				);
				MARKETING_VERSION = 1.0;
				PRODUCT_BUNDLE_IDENTIFIER = com.abhistin.FoodFusion;
				PRODUCT_NAME = "$(TARGET_NAME)";
				SWIFT_EMIT_LOC_STRINGS = YES;
				SWIFT_VERSION = 5.0;
				TARGETED_DEVICE_FAMILY = "1,2";
			};
			name = Release;
		};
/* End XCBuildConfiguration section */

/* Begin XCConfigurationList section */
		FEE23E4F2AF3BDFD00C1F742 /* Build configuration list for PBXProject "FoodFusion" */ = {
			isa = XCConfigurationList;
			buildConfigurations = (
				FEE23E662AF3BDFE00C1F742 /* Debug */,
				FEE23E672AF3BDFE00C1F742 /* Release */,
			);
			defaultConfigurationIsVisible = 0;
			defaultConfigurationName = Release;
		};
		FEE23E682AF3BDFE00C1F742 /* Build configuration list for PBXNativeTarget "FoodFusion" */ = {
			isa = XCConfigurationList;
			buildConfigurations = (
				FEE23E692AF3BDFE00C1F742 /* Debug */,
				FEE23E6A2AF3BDFE00C1F742 /* Release */,
			);
			defaultConfigurationIsVisible = 0;
			defaultConfigurationName = Release;
		};
/* End XCConfigurationList section */
	};
	rootObject = FEE23E4C2AF3BDFD00C1F742 /* Project object */;
}
